# THIS IS AN AUTOGENERATED FILE. DO NOT EDIT THIS FILE DIRECTLY.
# yarn lockfile v1


vuetify@^3.5.15:
  version "3.5.15"
  resolved "https://registry.yarnpkg.com/vuetify/-/vuetify-3.5.15.tgz#d93a3db865166b5ddd703a387c5ec3da4c11de3d"
  integrity sha512-4v+t3yjgZ5M4+YKRK2eOxymWU34/Sg8YP6Dqi4ZMYFjchiwijOns1WW4ywYlYXih0TSPVeAeQpCzztDu89nTyg==
